
Microsoft Visual Studio Solution File, Format Version 12.00
# Visual Studio 15
VisualStudioVersion = 15.0.26124.0
MinimumVisualStudioVersion = 15.0.26124.0
Project("{FAE04EC0-301F-11D3-BF4B-00C04F79EFBC}") = "heitech.configXt.Core", "heitech.configXt.Core\heitech.configXt.Core.csproj", "{18012D78-C726-4B63-84A9-090ED925AD5C}"
EndProject
Project("{FAE04EC0-301F-11D3-BF4B-00C04F79EFBC}") = "heitech.configXt.TraceBullet", "heitech.configXt.TraceBullet\heitech.configXt.TraceBullet.csproj", "{FC7759DA-3EB9-40AC-B8CC-34E2DEF0237A}"
EndProject
Project("{FAE04EC0-301F-11D3-BF4B-00C04F79EFBC}") = "heitech.configXt.Tests", "heitech.configXt.Tests\heitech.configXt.Tests.csproj", "{A186DBD1-1DC9-46AE-8326-B64A43490F2E}"
EndProject
Project("{FAE04EC0-301F-11D3-BF4B-00C04F79EFBC}") = "heitech.configXt.Application", "heitech.configXt.Application\heitech.configXt.Application.csproj", "{1661B8DE-F0A3-43B0-8BEA-88382C3E6383}"
EndProject
Project("{FAE04EC0-301F-11D3-BF4B-00C04F79EFBC}") = "heitech.configXt.Cli", "heitech.configXt.Cli\heitech.configXt.Cli.csproj", "{D2747CCD-57BF-4093-9482-F8C6311F16E9}"
EndProject
Project("{FAE04EC0-301F-11D3-BF4B-00C04F79EFBC}") = "heitech.configXt.Models", "heitech.configXt.Models\heitech.configXt.Models.csproj", "{E0DC3A74-AF7E-4F9E-8E3B-09971A25656A}"
EndProject
Global
	GlobalSection(SolutionConfigurationPlatforms) = preSolution
		Debug|Any CPU = Debug|Any CPU
		Debug|x64 = Debug|x64
		Debug|x86 = Debug|x86
		Release|Any CPU = Release|Any CPU
		Release|x64 = Release|x64
		Release|x86 = Release|x86
	EndGlobalSection
	GlobalSection(SolutionProperties) = preSolution
		HideSolutionNode = FALSE
	EndGlobalSection
	GlobalSection(ProjectConfigurationPlatforms) = postSolution
		{18012D78-C726-4B63-84A9-090ED925AD5C}.Debug|Any CPU.ActiveCfg = Debug|Any CPU
		{18012D78-C726-4B63-84A9-090ED925AD5C}.Debug|Any CPU.Build.0 = Debug|Any CPU
		{18012D78-C726-4B63-84A9-090ED925AD5C}.Debug|x64.ActiveCfg = Debug|Any CPU
		{18012D78-C726-4B63-84A9-090ED925AD5C}.Debug|x64.Build.0 = Debug|Any CPU
		{18012D78-C726-4B63-84A9-090ED925AD5C}.Debug|x86.ActiveCfg = Debug|Any CPU
		{18012D78-C726-4B63-84A9-090ED925AD5C}.Debug|x86.Build.0 = Debug|Any CPU
		{18012D78-C726-4B63-84A9-090ED925AD5C}.Release|Any CPU.ActiveCfg = Release|Any CPU
		{18012D78-C726-4B63-84A9-090ED925AD5C}.Release|Any CPU.Build.0 = Release|Any CPU
		{18012D78-C726-4B63-84A9-090ED925AD5C}.Release|x64.ActiveCfg = Release|Any CPU
		{18012D78-C726-4B63-84A9-090ED925AD5C}.Release|x64.Build.0 = Release|Any CPU
		{18012D78-C726-4B63-84A9-090ED925AD5C}.Release|x86.ActiveCfg = Release|Any CPU
		{18012D78-C726-4B63-84A9-090ED925AD5C}.Release|x86.Build.0 = Release|Any CPU
		{FC7759DA-3EB9-40AC-B8CC-34E2DEF0237A}.Debug|Any CPU.ActiveCfg = Debug|Any CPU
		{FC7759DA-3EB9-40AC-B8CC-34E2DEF0237A}.Debug|Any CPU.Build.0 = Debug|Any CPU
		{FC7759DA-3EB9-40AC-B8CC-34E2DEF0237A}.Debug|x64.ActiveCfg = Debug|Any CPU
		{FC7759DA-3EB9-40AC-B8CC-34E2DEF0237A}.Debug|x64.Build.0 = Debug|Any CPU
		{FC7759DA-3EB9-40AC-B8CC-34E2DEF0237A}.Debug|x86.ActiveCfg = Debug|Any CPU
		{FC7759DA-3EB9-40AC-B8CC-34E2DEF0237A}.Debug|x86.Build.0 = Debug|Any CPU
		{FC7759DA-3EB9-40AC-B8CC-34E2DEF0237A}.Release|Any CPU.ActiveCfg = Release|Any CPU
		{FC7759DA-3EB9-40AC-B8CC-34E2DEF0237A}.Release|Any CPU.Build.0 = Release|Any CPU
		{FC7759DA-3EB9-40AC-B8CC-34E2DEF0237A}.Release|x64.ActiveCfg = Release|Any CPU
		{FC7759DA-3EB9-40AC-B8CC-34E2DEF0237A}.Release|x64.Build.0 = Release|Any CPU
		{FC7759DA-3EB9-40AC-B8CC-34E2DEF0237A}.Release|x86.ActiveCfg = Release|Any CPU
		{FC7759DA-3EB9-40AC-B8CC-34E2DEF0237A}.Release|x86.Build.0 = Release|Any CPU
		{A186DBD1-1DC9-46AE-8326-B64A43490F2E}.Debug|Any CPU.ActiveCfg = Debug|Any CPU
		{A186DBD1-1DC9-46AE-8326-B64A43490F2E}.Debug|Any CPU.Build.0 = Debug|Any CPU
		{A186DBD1-1DC9-46AE-8326-B64A43490F2E}.Debug|x64.ActiveCfg = Debug|Any CPU
		{A186DBD1-1DC9-46AE-8326-B64A43490F2E}.Debug|x64.Build.0 = Debug|Any CPU
		{A186DBD1-1DC9-46AE-8326-B64A43490F2E}.Debug|x86.ActiveCfg = Debug|Any CPU
		{A186DBD1-1DC9-46AE-8326-B64A43490F2E}.Debug|x86.Build.0 = Debug|Any CPU
		{A186DBD1-1DC9-46AE-8326-B64A43490F2E}.Release|Any CPU.ActiveCfg = Release|Any CPU
		{A186DBD1-1DC9-46AE-8326-B64A43490F2E}.Release|Any CPU.Build.0 = Release|Any CPU
		{A186DBD1-1DC9-46AE-8326-B64A43490F2E}.Release|x64.ActiveCfg = Release|Any CPU
		{A186DBD1-1DC9-46AE-8326-B64A43490F2E}.Release|x64.Build.0 = Release|Any CPU
		{A186DBD1-1DC9-46AE-8326-B64A43490F2E}.Release|x86.ActiveCfg = Release|Any CPU
		{A186DBD1-1DC9-46AE-8326-B64A43490F2E}.Release|x86.Build.0 = Release|Any CPU
		{1661B8DE-F0A3-43B0-8BEA-88382C3E6383}.Debug|Any CPU.ActiveCfg = Debug|Any CPU
		{1661B8DE-F0A3-43B0-8BEA-88382C3E6383}.Debug|Any CPU.Build.0 = Debug|Any CPU
		{1661B8DE-F0A3-43B0-8BEA-88382C3E6383}.Debug|x64.ActiveCfg = Debug|Any CPU
		{1661B8DE-F0A3-43B0-8BEA-88382C3E6383}.Debug|x64.Build.0 = Debug|Any CPU
		{1661B8DE-F0A3-43B0-8BEA-88382C3E6383}.Debug|x86.ActiveCfg = Debug|Any CPU
		{1661B8DE-F0A3-43B0-8BEA-88382C3E6383}.Debug|x86.Build.0 = Debug|Any CPU
		{1661B8DE-F0A3-43B0-8BEA-88382C3E6383}.Release|Any CPU.ActiveCfg = Release|Any CPU
		{1661B8DE-F0A3-43B0-8BEA-88382C3E6383}.Release|Any CPU.Build.0 = Release|Any CPU
		{1661B8DE-F0A3-43B0-8BEA-88382C3E6383}.Release|x64.ActiveCfg = Release|Any CPU
		{1661B8DE-F0A3-43B0-8BEA-88382C3E6383}.Release|x64.Build.0 = Release|Any CPU
		{1661B8DE-F0A3-43B0-8BEA-88382C3E6383}.Release|x86.ActiveCfg = Release|Any CPU
		{1661B8DE-F0A3-43B0-8BEA-88382C3E6383}.Release|x86.Build.0 = Release|Any CPU
		{D2747CCD-57BF-4093-9482-F8C6311F16E9}.Debug|Any CPU.ActiveCfg = Debug|Any CPU
		{D2747CCD-57BF-4093-9482-F8C6311F16E9}.Debug|Any CPU.Build.0 = Debug|Any CPU
		{D2747CCD-57BF-4093-9482-F8C6311F16E9}.Debug|x64.ActiveCfg = Debug|Any CPU
		{D2747CCD-57BF-4093-9482-F8C6311F16E9}.Debug|x64.Build.0 = Debug|Any CPU
		{D2747CCD-57BF-4093-9482-F8C6311F16E9}.Debug|x86.ActiveCfg = Debug|Any CPU
		{D2747CCD-57BF-4093-9482-F8C6311F16E9}.Debug|x86.Build.0 = Debug|Any CPU
		{D2747CCD-57BF-4093-9482-F8C6311F16E9}.Release|Any CPU.ActiveCfg = Release|Any CPU
		{D2747CCD-57BF-4093-9482-F8C6311F16E9}.Release|Any CPU.Build.0 = Release|Any CPU
		{D2747CCD-57BF-4093-9482-F8C6311F16E9}.Release|x64.ActiveCfg = Release|Any CPU
		{D2747CCD-57BF-4093-9482-F8C6311F16E9}.Release|x64.Build.0 = Release|Any CPU
		{D2747CCD-57BF-4093-9482-F8C6311F16E9}.Release|x86.ActiveCfg = Release|Any CPU
		{D2747CCD-57BF-4093-9482-F8C6311F16E9}.Release|x86.Build.0 = Release|Any CPU
		{E0DC3A74-AF7E-4F9E-8E3B-09971A25656A}.Debug|Any CPU.ActiveCfg = Debug|Any CPU
		{E0DC3A74-AF7E-4F9E-8E3B-09971A25656A}.Debug|Any CPU.Build.0 = Debug|Any CPU
		{E0DC3A74-AF7E-4F9E-8E3B-09971A25656A}.Debug|x64.ActiveCfg = Debug|Any CPU
		{E0DC3A74-AF7E-4F9E-8E3B-09971A25656A}.Debug|x64.Build.0 = Debug|Any CPU
		{E0DC3A74-AF7E-4F9E-8E3B-09971A25656A}.Debug|x86.ActiveCfg = Debug|Any CPU
		{E0DC3A74-AF7E-4F9E-8E3B-09971A25656A}.Debug|x86.Build.0 = Debug|Any CPU
		{E0DC3A74-AF7E-4F9E-8E3B-09971A25656A}.Release|Any CPU.ActiveCfg = Release|Any CPU
		{E0DC3A74-AF7E-4F9E-8E3B-09971A25656A}.Release|Any CPU.Build.0 = Release|Any CPU
		{E0DC3A74-AF7E-4F9E-8E3B-09971A25656A}.Release|x64.ActiveCfg = Release|Any CPU
		{E0DC3A74-AF7E-4F9E-8E3B-09971A25656A}.Release|x64.Build.0 = Release|Any CPU
		{E0DC3A74-AF7E-4F9E-8E3B-09971A25656A}.Release|x86.ActiveCfg = Release|Any CPU
		{E0DC3A74-AF7E-4F9E-8E3B-09971A25656A}.Release|x86.Build.0 = Release|Any CPU
	EndGlobalSection
EndGlobal
